{
  "name": "lab-to-fhir",
  "version": "1.0.0",
  "lockfileVersion": 2,
  "requires": true,
  "packages": {
    "": {
      "name": "lab-to-fhir",
      "version": "1.0.0",
      "license": "ISC",
      "dependencies": {
        "de.medizininformatikinitiative.kerndatensatz.laborbefund": "^2026.0.0",
        "de.medizininformatikinitiative.kerndatensatz.meta": "^2026.0.0"
      }
    },
    "node_modules/de.medizininformatikinitiative.kerndatensatz.laborbefund": {
      "version": "2026.0.1",
      "resolved": "https://packages.simplifier.net/de.medizininformatikinitiative.kerndatensatz.laborbefund/2026.0.1",
      "integrity": "sha1-ZoDs8zCyuVE39YAu0tp4+tbsIfQ="
    },
    "node_modules/de.medizininformatikinitiative.kerndatensatz.meta": {
      "version": "2026.0.0",
      "resolved": "https://packages.simplifier.net/de.medizininformatikinitiative.kerndatensatz.meta/2026.0.0",
      "integrity": "sha1-cYBdfK2QwtCiplfAMBvbfs2kqus="
    }
  },
  "dependencies": {
    "de.medizininformatikinitiative.kerndatensatz.laborbefund": {
      "version": "2026.0.1",
      "resolved": "https://packages.simplifier.net/de.medizininformatikinitiative.kerndatensatz.laborbefund/2026.0.1",
      "integrity": "sha1-ZoDs8zCyuVE39YAu0tp4+tbsIfQ="
    },
    "de.medizininformatikinitiative.kerndatensatz.meta": {
      "version": "2026.0.0",
      "resolved": "https://packages.simplifier.net/de.medizininformatikinitiative.kerndatensatz.meta/2026.0.0",
      "integrity": "sha1-cYBdfK2QwtCiplfAMBvbfs2kqus="
    }
  }
}
