{
  "name": "lab-to-fhir",
  "version": "1.0.0",
  "lockfileVersion": 1,
  "requires": true,
  "dependencies": {
    "de.medizininformatikinitiative.kerndatensatz.laborbefund": {
      "version": "1.0.2",
      "resolved": "https://packages.simplifier.net//de.medizininformatikinitiative.kerndatensatz.laborbefund/-/de.medizininformatikinitiative.kerndatensatz.laborbefund-1.0.2.tgz",
      "integrity": "sha512-Oe2F0LRiiXtg1U30sI1TINCKoIUAVfNrwBg+pUqbv5Fe09cSgd9JEGuuGDRMFWTI3hONBg0yVvuvuvyns7kgYw=="
    }
  }
}
